
Microsoft Visual Studio Solution File, Format Version 12.00
# Visual Studio Version 17
VisualStudioVersion = 17.9.34728.123
MinimumVisualStudioVersion = 10.0.40219.1
Project("{FAE04EC0-301F-11D3-BF4B-00C04F79EFBC}") = "ClassLibrary2", "ClassLibrary2\ClassLibrary2.csproj", "{EB80D4F2-960E-4B30-80E3-2F9C9492DF49}"
EndProject
Project("{FAE04EC0-301F-11D3-BF4B-00C04F79EFBC}") = "Autorization", "Autorization\Autorization.csproj", "{FC4752A5-4318-4AD5-A47C-068BE828F045}"
EndProject
Global
	GlobalSection(SolutionConfigurationPlatforms) = preSolution
		Debug|Any CPU = Debug|Any CPU
		Release|Any CPU = Release|Any CPU
	EndGlobalSection
	GlobalSection(ProjectConfigurationPlatforms) = postSolution
		{EB80D4F2-960E-4B30-80E3-2F9C9492DF49}.Debug|Any CPU.ActiveCfg = Debug|Any CPU
		{EB80D4F2-960E-4B30-80E3-2F9C9492DF49}.Debug|Any CPU.Build.0 = Debug|Any CPU
		{EB80D4F2-960E-4B30-80E3-2F9C9492DF49}.Release|Any CPU.ActiveCfg = Release|Any CPU
		{EB80D4F2-960E-4B30-80E3-2F9C9492DF49}.Release|Any CPU.Build.0 = Release|Any CPU
		{FC4752A5-4318-4AD5-A47C-068BE828F045}.Debug|Any CPU.ActiveCfg = Debug|Any CPU
		{FC4752A5-4318-4AD5-A47C-068BE828F045}.Debug|Any CPU.Build.0 = Debug|Any CPU
		{FC4752A5-4318-4AD5-A47C-068BE828F045}.Release|Any CPU.ActiveCfg = Release|Any CPU
		{FC4752A5-4318-4AD5-A47C-068BE828F045}.Release|Any CPU.Build.0 = Release|Any CPU
	EndGlobalSection
	GlobalSection(SolutionProperties) = preSolution
		HideSolutionNode = FALSE
	EndGlobalSection
	GlobalSection(ExtensibilityGlobals) = postSolution
		SolutionGuid = {F6701AC4-197D-467A-BB0E-C0E6E5112B71}
	EndGlobalSection
EndGlobal
